version = 1
revision = 3
requires-python = ">=3.11"

[[package]]
name = "colorama"
version = "0.4.6"
source = { registry = "https://pypi.org/simple" }
sdist = { url = "https://files.pythonhosted.org/packages/d8/53/6f443c9a4a8358a93a6792e2acffb9d9d5cb0a5cfd8802644b7b1c9a02e4/colorama-0.4.6.tar.gz", hash = "sha256:08695f5cb7ed6e0531a20572697297273c47b8cae5a63ffc6d6ed5c201be6e44", size = 27697, upload-time = "2022-10-25T02:36:22.414Z" }
wheels = [
    { url = "https://files.pythonhosted.org/packages/d1/d6/3965ed04c63042e047cb6a3e6ed1a63a35087b6a609aa3a15ed8ac56c221/colorama-0.4.6-py2.py3-none-any.whl", hash = "sha256:4f1d9991f5acc0ca119f9d443620b77f9d6b33703e51011c16baf57afb285fc6", size = 25335, upload-time = "2022-10-25T02:36:20.889Z" },
]

[[package]]
name = "flatbuffers"
version = "25.12.19"
source = { registry = "https://pypi.org/simple" }
wheels = [
    { url = "https://files.pythonhosted.org/packages/e8/2d/d2a548598be01649e2d46231d151a6c56d10b964d94043a335ae56ea2d92/flatbuffers-25.12.19-py2.py3-none-any.whl", hash = "sha256:7634f50c427838bb021c2d66a3d1168e9d199b0607e6329399f04846d42e20b4", size = 26661, upload-time = "2025-12-19T23:16:13.622Z" },
]

[[package]]
name = "iniconfig"
version = "2.3.0"
source = { registry = "https://pypi.org/simple" }
sdist = { url = "https://files.pythonhosted.org/packages/72/34/14ca021ce8e5dfedc35312d08ba8bf51fdd999c576889fc2c24cb97f4f10/iniconfig-2.3.0.tar.gz", hash = "sha256:c76315c77db068650d49c5b56314774a7804df16fee4402c1f19d6d15d8c4730", size = 20503, upload-time = "2025-10-18T21:55:43.219Z" }
wheels = [
    { url = "https://files.pythonhosted.org/packages/cb/b1/3846dd7f199d53cb17f49cba7e651e9ce294d8497c8c150530ed11865bb8/iniconfig-2.3.0-py3-none-any.whl", hash = "sha256:f631c04d2c48c52b84d0d0549c99ff3859c98df65b3101406327ecc7d53fbf12", size = 7484, upload-time = "2025-10-18T21:55:41.639Z" },
]

[[package]]
name = "lmdb"
version = "2.3.0"
source = { registry = "https://pypi.org/simple" }
sdist = { url = "https://files.pythonhosted.org/packages/aa/0b/17f271b2d2d314da9c9bc7620676ede1feca5f565f3a46045319351f7bc2/lmdb-2.3.0.tar.gz", hash = "sha256:260f443640ee2da3cfd059a84258659319ff39ca912c16bf9748c324076b9d09", size = 954381, upload-time = "2026-07-12T15:46:30.534Z" }
wheels = [
    { url = "https://files.pythonhosted.org/packages/b0/63/176e0b81d24685ea3c6f90400dbac6537df70d8142cafd0e944aa1e642af/lmdb-2.3.0-cp311-cp311-macosx_10_9_x86_64.whl", hash = "sha256:8e0565381d748bd7b1730155ed172a42c49e7d37b60f3db0ad34b8c7ffa72a7a", size = 119191, upload-time = "2026-07-12T15:45:51.571Z" },
    { url = "https://files.pythonhosted.org/packages/06/b5/67fc45eb4a92d6ef67bd2783c3071316230c86214700dae26edbff7df791/lmdb-2.3.0-cp311-cp311-macosx_11_0_arm64.whl", hash = "sha256:51432a1bbd55aa207b91962afc0e0a203c28c654b68d08ee3f240184a718b6ea", size = 119380, upload-time = "2026-07-12T15:45:52.791Z" },
    { url = "https://files.pythonhosted.org/packages/22/87/1862e0e456b0876d31a1dc7406163b8561040aa278e6c8807394ab44d27c/lmdb-2.3.0-cp311-cp311-manylinux2014_aarch64.manylinux_2_17_aarch64.manylinux_2_28_aarch64.whl", hash = "sha256:99d24ad79cdf689169de30d1f15a17b598fcc17bcf076a83ea0f50039952ee36", size = 334746, upload-time = "2026-07-12T15:45:54.115Z" },
    { url = "https://files.pythonhosted.org/packages/8d/9d/1a80616890a1f33295054d281dda60f4c851910807aed7d6261a377b8188/lmdb-2.3.0-cp311-cp311-manylinux2014_x86_64.manylinux_2_17_x86_64.manylinux_2_28_x86_64.whl", hash = "sha256:4d0019870b5b93b2160fc324a609ffee1447024b2b8ce0da3b3f2f04b0131870", size = 336974, upload-time = "2026-07-12T15:45:55.43Z" },
    { url = "https://files.pythonhosted.org/packages/96/17/c510686a75ff7c2eb25a3909d856f925437df4468e6e4b151b01ccf60768/lmdb-2.3.0-cp311-cp311-win_amd64.whl", hash = "sha256:abb42e1fa437c59a8f55aeb11a86639ae14edcabfe97f1ac227a9ededd3b4e47", size = 115267, upload-time = "2026-07-12T15:45:56.894Z" },
    { url = "https://files.pythonhosted.org/packages/98/f9/d884fd81b21c8b80706b53a1a1faabcc92e7672081bc8fbec2c802372836/lmdb-2.3.0-cp311-cp311-win_arm64.whl", hash = "sha256:0b704763ec2b1dc9b73020311ab4be196da84f0fac637b1fb2e38d95b57a1b80", size = 114415, upload-time = "2026-07-12T15:45:58.023Z" },
    { url = "https://files.pythonhosted.org/packages/60/0e/f47e1cc957df2394525bb9dd7e5a99753791cb379860f20823ce9752bf69/lmdb-2.3.0-cp312-cp312-macosx_10_13_x86_64.whl", hash = "sha256:bf3c116a1887d5c4d40b2126dee5dab5407a3eb2df0eb98c0c58a922ab29dc6d", size = 119965, upload-time = "2026-07-12T15:45:59.254Z" },
    { url = "https://files.pythonhosted.org/packages/20/7d/7b08cfb872a2df7ab2892ff4012fdbe037017e33c4c65192dfd8b143a220/lmdb-2.3.0-cp312-cp312-macosx_11_0_arm64.whl", hash = "sha256:b21f095735a79a2192d92a23a5d876b3779a33eea61bb09bec858178890c5215", size = 119657, upload-time = "2026-07-12T15:46:00.368Z" },
    { url = "https://files.pythonhosted.org/packages/dd/c1/215c43bb15e324a08af1f1536063fbcc388f4546ab3616fbe22d4b01b001/lmdb-2.3.0-cp312-cp312-manylinux2014_aarch64.manylinux_2_17_aarch64.manylinux_2_28_aarch64.whl", hash = "sha256:841f1a33cc00b9e6ecbe6b8264068f1e853eb3004fc810290ce82847c8a2dc8b", size = 341726, upload-time = "2026-07-12T15:46:01.694Z" },
    { url = "https://files.pythonhosted.org/packages/a5/66/4978af32c9a1da70af4dc83460ef75e85ee0cf0735b934b520b4e96d0aec/lmdb-2.3.0-cp312-cp312-manylinux2014_x86_64.manylinux_2_17_x86_64.manylinux_2_28_x86_64.whl", hash = "sha256:1c53bf2c1d0a03cf9ebb8caf48531f2a33313c5580af82ba4260b1e7fa52c857", size = 344652, upload-time = "2026-07-12T15:46:03.033Z" },
    { url = "https://files.pythonhosted.org/packages/95/03/a10dbc22a54a6aa46446e5fbb825dde736200726f3746809076928754332/lmdb-2.3.0-cp312-cp312-win_amd64.whl", hash = "sha256:131ea41c72e387715141cbf240648337f59b717c0a01655f6fd78315fea60afe", size = 115188, upload-time = "2026-07-12T15:46:04.138Z" },
    { url = "https://files.pythonhosted.org/packages/83/e1/aab2adeca8db524267c5a1cf798cf9edab65890ee551076db869a96ab0f6/lmdb-2.3.0-cp312-cp312-win_arm64.whl", hash = "sha256:9976c945c6957866a0dd8395057af29a1e6927396c8304948c60e684b6a4f6b8", size = 114439, upload-time = "2026-07-12T15:46:05.298Z" },
    { url = "https://files.pythonhosted.org/packages/8b/e8/d8594c13c81652d313e5df0cbade98a3fa47de6c14e46aec5eed02a2ca5c/lmdb-2.3.0-cp313-cp313-macosx_10_13_x86_64.whl", hash = "sha256:93de120dec1ec982b80852c958d11242b78c0972a526a839cc5a65b44d22c8f7", size = 120486, upload-time = "2026-07-12T15:46:06.493Z" },
    { url = "https://files.pythonhosted.org/packages/d7/d3/c91996eb4ffeb1537710c4bf3492249b01abd56c75ec34a5b2179de4b91b/lmdb-2.3.0-cp313-cp313-macosx_11_0_arm64.whl", hash = "sha256:d94cd8515ea767115ac2ee302ae83cde3843425901fdc3bfa9fb08980299c023", size = 120032, upload-time = "2026-07-12T15:46:07.718Z" },
    { url = "https://files.pythonhosted.org/packages/b2/0f/536d296dd90418533ccd277a20836c753f2f51d127a6e32e53c8653fbd45/lmdb-2.3.0-cp313-cp313-manylinux2014_aarch64.manylinux_2_17_aarch64.manylinux_2_28_aarch64.whl", hash = "sha256:1633f4700664436f2d71bb029bce9bdcaedcd2294c97ba853c6870c973de0bdd", size = 344681, upload-time = "2026-07-12T15:46:09.017Z" },
    { url = "https://files.pythonhosted.org/packages/79/45/1dc1ff9c998d08051728fef5f60eb31f8f9294a7bd80a786a6ae6917f2db/lmdb-2.3.0-cp313-cp313-manylinux2014_x86_64.manylinux_2_17_x86_64.manylinux_2_28_x86_64.whl", hash = "sha256:f8d815c4f1ad38d048efeee395c935b8839ed244a1d74526c83e31c05faab3ec", size = 346786, upload-time = "2026-07-12T15:46:10.535Z" },
    { url = "https://files.pythonhosted.org/packages/f3/d4/1bd0b10a0d7408f2d6a4c49be9176287bdccc8c3951a96abfd8f61eb5ec1/lmdb-2.3.0-cp313-cp313-win_amd64.whl", hash = "sha256:f45e10949d0fc7a0cc4bc9b3bfe34d824b5a71330312289e43dc2638c26a9f13", size = 115087, upload-time = "2026-07-12T15:46:11.779Z" },
    { url = "https://files.pythonhosted.org/packages/80/f9/a4d82dedaf2a9090bb44c5ab300158a22f4c26a30355c7ffb40f52503bc6/lmdb-2.3.0-cp313-cp313-win_arm64.whl", hash = "sha256:de099ca35b010fd0c5eed957e7ffda0aee32639fb7d12c0dadbb850be9c62dee", size = 114437, upload-time = "2026-07-12T15:46:12.867Z" },
    { url = "https://files.pythonhosted.org/packages/94/6c/0c582a5c1333836ca990e81449494cea45f0a87946e05ca6291284a48eeb/lmdb-2.3.0-cp314-cp314-macosx_10_15_x86_64.whl", hash = "sha256:6369469befaf66ac8d599d0627e5190147eea2d81b735c6c5e64e8b629b1f10f", size = 120656, upload-time = "2026-07-12T15:46:14.075Z" },
    { url = "https://files.pythonhosted.org/packages/d4/02/4d9332c1c0914578de46b0b0e7e29b0f5a551b6221d7333add33f20aa843/lmdb-2.3.0-cp314-cp314-macosx_11_0_arm64.whl", hash = "sha256:42c616d283be4c370d0cf89c83f0b6da77667f9edda62741f4b8bad95c9ba056", size = 120040, upload-time = "2026-07-12T15:46:15.24Z" },
    { url = "https://files.pythonhosted.org/packages/32/ff/0f6b3ac56e1ddcf2bad89b76608d6c1200b9e1c432739a9b6155965e3e3e/lmdb-2.3.0-cp314-cp314-manylinux2014_aarch64.manylinux_2_17_aarch64.manylinux_2_28_aarch64.whl", hash = "sha256:90b96fec0ef2d6ecfd225b9b10020b819699bf0e214ebe635f224d5cced20cf7", size = 344674, upload-time = "2026-07-12T15:46:16.441Z" },
    { url = "https://files.pythonhosted.org/packages/66/0d/81df0bb4297a549d2cfc0c658f321d15a47f460f4f9c0331b5ead2fcb366/lmdb-2.3.0-cp314-cp314-manylinux2014_x86_64.manylinux_2_17_x86_64.manylinux_2_28_x86_64.whl", hash = "sha256:5cbf2f5eaf3db866345cb1139e0c6fef873a3c0758f01915ba6ed6ba12b24fe0", size = 346381, upload-time = "2026-07-12T15:46:17.682Z" },
    { url = "https://files.pythonhosted.org/packages/3d/96/9e5b9eb951751f50931a0a8d4bb5d3ccda7ad5e377c8743a0846c14ce11b/lmdb-2.3.0-cp314-cp314-win_amd64.whl", hash = "sha256:83225e119c799c911295d5a6f83bf25e52746609fd6907fc95bb8ae9d0f5a6d0", size = 116721, upload-time = "2026-07-12T15:46:19.057Z" },
    { url = "https://files.pythonhosted.org/packages/69/72/35ae2ebdf91e084857ec7f162397f2fd10feccac9b770e3f7d83c005d9be/lmdb-2.3.0-cp314-cp314-win_arm64.whl", hash = "sha256:40ebeea45a92dfd5b67bf47fc66b5b026cf19e365ac9bab3a3140b6b1b9766f6", size = 116812, upload-time = "2026-07-12T15:46:20.132Z" },
]

[[package]]
name = "ob-dump-reader"
source = { editable = "." }
dependencies = [
    { name = "flatbuffers" },
    { name = "lmdb" },
]

[package.optional-dependencies]
orjson = [
    { name = "orjson" },
]

[package.dev-dependencies]
dev = [
    { name = "orjson" },
    { name = "pytest" },
    { name = "ruff" },
]

[package.metadata]
requires-dist = [
    { name = "flatbuffers", specifier = ">=25.12.19" },
    { name = "lmdb", specifier = ">=2.2.1" },
    { name = "orjson", marker = "extra == 'orjson'", specifier = "==3.12.0" },
]
provides-extras = ["orjson"]

[package.metadata.requires-dev]
dev = [
    { name = "orjson", specifier = ">=3.11.8" },
    { name = "pytest", specifier = ">=9.0.3" },
    { name = "ruff", specifier = ">=0.15.22" },
]

[[package]]
name = "orjson"
version = "3.12.0"
source = { registry = "https://pypi.org/simple" }
sdist = { url = "https://files.pythonhosted.org/packages/0f/f3/742fb1f62b825f2c010697eaf4e828004bc2a81e7e806666989c132c7c42/orjson-3.12.0.tar.gz", hash = "sha256:d14203fb1aae2ad9b3d52f8a0e82aeb10197ef1c9bc61da7f358bd70b00123d5", size = 4142915, upload-time = "2026-08-14T16:13:30.607Z" }
wheels = [
    { url = "https://files.pythonhosted.org/packages/75/1a/a7075a8e8b0d3f5097d17ac3099017104b6b7b42012041147995d5b2da05/orjson-3.12.0-cp311-cp311-macosx_10_15_x86_64.macosx_11_0_arm64.macosx_10_15_universal2.whl", hash = "sha256:a94f0f0c6fcbb2b5bd9734c57a489c7584a732bbdf04a39e8c83b861e9d03e92", size = 223409, upload-time = "2026-08-14T16:12:12.654Z" },
    { url = "https://files.pythonhosted.org/packages/05/34/c2eb3b2900e5597db7841a4c6416ac2d90081bd956b02d4dd1833fa2b96b/orjson-3.12.0-cp311-cp311-macosx_15_0_arm64.whl", hash = "sha256:a696529ec96a90d9a5f9570207efe403c8b08f8e4aa2783ee3403511e2fdfa10", size = 124015, upload-time = "2026-08-14T16:12:14.025Z" },
    { url = "https://files.pythonhosted.org/packages/1c/df/b49081766a75b6a37b3d33bdc0a39e492abab8441dd25e3e1998e7b83fcb/orjson-3.12.0-cp311-cp311-manylinux2014_armv7l.manylinux_2_17_armv7l.whl", hash = "sha256:e4ac5059baab4b3acbd99485de019ff8cda0fdf34b61fa74f7197a53db78bfe8", size = 113471, upload-time = "2026-08-14T16:12:15.81Z" },
    { url = "https://files.pythonhosted.org/packages/48/d4/58ea28eeef95c2a27358ed927380a621162cf20bd740bbccf9c3f09a200a/orjson-3.12.0-cp311-cp311-manylinux2014_i686.manylinux_2_17_i686.whl", hash = "sha256:8e29957429c35bbb5a185a119c523aa2428b7bbf1a293724c7b9375ed8f892a3", size = 129998, upload-time = "2026-08-14T16:12:17.503Z" },
    { url = "https://files.pythonhosted.org/packages/e2/f4/1e82aa2efc9916422d804697876ce433c907a1abd7c7e5c6d3d48565e5f9/orjson-3.12.0-cp311-cp311-manylinux_2_17_aarch64.manylinux2014_aarch64.whl", hash = "sha256:dce0166feb0a737ab84f598c9a338cbc0b764a036617aa686194f53c7eba0c3e", size = 130891, upload-time = "2026-08-14T16:12:18.762Z" },
    { url = "https://files.pythonhosted.org/packages/5b/e1/15169e9d22b59a406264f99d6db387c0b0b12b6357a8a0169917c2a713eb/orjson-3.12.0-cp311-cp311-manylinux_2_17_x86_64.manylinux2014_x86_64.whl", hash = "sha256:9caf3d09f47c3c70c4451ada20ef9bc4a4cdffa26f49862cf0a253b329aae2d5", size = 131285, upload-time = "2026-08-14T16:12:20.251Z" },
    { url = "https://files.pythonhosted.org/packages/a4/3a/763dbd426290d044ec3e615a05e70adb6d8b6f95bf17dc355c0081a5e8b6/orjson-3.12.0-cp311-cp311-musllinux_1_2_aarch64.whl", hash = "sha256:b9dca132b1fda5565088e65a6b6e742285e0aeceb6fae549fa8863e16c7d3998", size = 135707, upload-time = "2026-08-14T16:12:21.652Z" },
    { url = "https://files.pythonhosted.org/packages/04/d1/3b2038ed168d22e14182ed715d6963f9c073a83a2ba43cfe918a4fc43c64/orjson-3.12.0-cp311-cp311-musllinux_1_2_x86_64.whl", hash = "sha256:a791f793b287bbc135b8e87c34e35c8bfc693e2a8a620fab1ae682b925f9a32e", size = 127669, upload-time = "2026-08-14T16:12:22.926Z" },
    { url = "https://files.pythonhosted.org/packages/88/ae/b84b3d3e65f5629ada0edcb1d2bccc55d7c5f89d8b981537ecdc3d6f31ec/orjson-3.12.0-cp311-cp311-win32.whl", hash = "sha256:31ed278a36304390adc3eec5d7f6fd593a7c3e99e5a06cd07866396c4b1b4710", size = 128043, upload-time = "2026-08-14T16:12:24.367Z" },
    { url = "https://files.pythonhosted.org/packages/35/24/2ed0e6f51ea3d0af45d807233a851175af75bec83ef5fd0d6a2601904ec0/orjson-3.12.0-cp311-cp311-win_amd64.whl", hash = "sha256:fb2539159dfe8d371914f354360fa50e4a577cc89222a3828b9650a5e5040252", size = 122084, upload-time = "2026-08-14T16:12:25.813Z" },
    { url = "https://files.pythonhosted.org/packages/21/dd/95d25fcfbc9471799ef6bb01c552d64ee5cde93ee40ba2f423dd3442c708/orjson-3.12.0-cp311-cp311-win_arm64.whl", hash = "sha256:61318b6de893c7a9d9f3e5ecbadccbfc26a7eb417ccc7bbf0771de3b4d72f868", size = 127035, upload-time = "2026-08-14T16:12:27.201Z" },
    { url = "https://files.pythonhosted.org/packages/be/4a/295da39c651c2faac8bd351a2a346f0fdedd9d50b847ee9dfc27d2207ef6/orjson-3.12.0-cp312-cp312-macosx_10_15_x86_64.macosx_11_0_arm64.macosx_10_15_universal2.whl", hash = "sha256:aa3e43a6846e91d7bde3d5a9c66090fcd8744f569a9b6cffc5e1ca38f6a461c0", size = 223427, upload-time = "2026-08-14T16:12:28.525Z" },
    { url = "https://files.pythonhosted.org/packages/29/98/758cf90fbeaaafb7f8141bfac75a432099959f3a2f5db93a412e876415d8/orjson-3.12.0-cp312-cp312-macosx_15_0_arm64.whl", hash = "sha256:11edb4660a6680abee9788a3a9072208a2c96538cc1322bd79542065229d8e54", size = 123725, upload-time = "2026-08-14T16:12:30.013Z" },
    { url = "https://files.pythonhosted.org/packages/32/b5/5b934d251f8651f7e41df180ad0c57a6e1cabe15c7bd331638413a50ebc9/orjson-3.12.0-cp312-cp312-manylinux2014_armv7l.manylinux_2_17_armv7l.whl", hash = "sha256:2d3a9da945a4d96ae758fdaaca56742e6b73b6fd554c5d8876f252a6dad70b83", size = 113375, upload-time = "2026-08-14T16:12:31.209Z" },
    { url = "https://files.pythonhosted.org/packages/cd/d2/37efb5b12a176ce3ced29f4144f20da57d02757f78ce549637dc1b4e1fc8/orjson-3.12.0-cp312-cp312-manylinux2014_i686.manylinux_2_17_i686.whl", hash = "sha256:92ffc09e07233a6ab6d4e067f7841edcbcc134cb4812155cf171ea5255a421d7", size = 129983, upload-time = "2026-08-14T16:12:32.721Z" },
    { url = "https://files.pythonhosted.org/packages/50/22/0644b87c73f13e0092df8f35a1fe280d991e5e90072087411e0dd7e44e0c/orjson-3.12.0-cp312-cp312-manylinux_2_17_aarch64.manylinux2014_aarch64.whl", hash = "sha256:bf44e374aadde77b1f6109f1030be51433eb61984379852766b6f4e187db7b1e", size = 130629, upload-time = "2026-08-14T16:12:34.084Z" },
    { url = "https://files.pythonhosted.org/packages/8c/57/80b986ebfecd9c6a177ddf1c2319717f0cd8feffb2b78946595a18a2fc88/orjson-3.12.0-cp312-cp312-manylinux_2_17_x86_64.manylinux2014_x86_64.whl", hash = "sha256:1192a7021b6d071aaf909864f6e924d6a2675ca360485b972b8401749311750b", size = 131245, upload-time = "2026-08-14T16:12:35.713Z" },
    { url = "https://files.pythonhosted.org/packages/80/3d/75c5ac5a69161f44492a68fbdde66f4cc4ce48cd5e1fb05918e46f0c8848/orjson-3.12.0-cp312-cp312-musllinux_1_2_aarch64.whl", hash = "sha256:53c0c474a9d9aff9aebfc0c88de1f28f843d940e6e3a80729abdf6a20274356f", size = 135397, upload-time = "2026-08-14T16:12:37.128Z" },
    { url = "https://files.pythonhosted.org/packages/71/93/4d71f2df314a97ff0d27a4559bf5888fc8406e3c6dec90e92291e3511215/orjson-3.12.0-cp312-cp312-musllinux_1_2_x86_64.whl", hash = "sha256:532ff8cd4bd59a327a953a7dcde922c7fc25b85e29721bb8633265430d3a3873", size = 127693, upload-time = "2026-08-14T16:12:38.627Z" },
    { url = "https://files.pythonhosted.org/packages/bc/1d/0dbc6be5adfd1730491072fb60beb6bcdf5d7b2596ee41b7fc2e298bfc09/orjson-3.12.0-cp312-cp312-win32.whl", hash = "sha256:a6cf4b18e7de173f209f2084ffbd736dd72389a396326ee80a7022168be232e5", size = 128000, upload-time = "2026-08-14T16:12:39.954Z" },
    { url = "https://files.pythonhosted.org/packages/2d/c9/97b1ce0112ebf5e949c775ed5b1755e562233179f3584579673cc24d6378/orjson-3.12.0-cp312-cp312-win_amd64.whl", hash = "sha256:010811c1b69773450a01cef97727a67b223242f350b77d4ca000e59a9ef2155a", size = 122106, upload-time = "2026-08-14T16:12:41.324Z" },
    { url = "https://files.pythonhosted.org/packages/a8/6a/facd8b312e4a0d3a7fa978c7e15821f74a336adf1d65529faec33b48e18b/orjson-3.12.0-cp312-cp312-win_arm64.whl", hash = "sha256:ad29eece0c601737f2a60edc2752a84e7a0785df3efb62e3012834700a5afe0d", size = 126869, upload-time = "2026-08-14T16:12:42.651Z" },
    { url = "https://files.pythonhosted.org/packages/54/cb/d7b78218a987eb8a8ce4eeae0286b1bb679333eb631ea0eeaf6371680bfc/orjson-3.12.0-cp313-cp313-macosx_10_15_x86_64.macosx_11_0_arm64.macosx_10_15_universal2.whl", hash = "sha256:9a36ec60f1796f9a3f13e3b98390295e17a1c7c10155b448d264098bf9ee5900", size = 223397, upload-time = "2026-08-14T16:12:44.003Z" },
    { url = "https://files.pythonhosted.org/packages/f8/4a/bc87c45e7ec639d35ebefd62618e01939531ac8e171426606a01bda05914/orjson-3.12.0-cp313-cp313-macosx_15_0_arm64.whl", hash = "sha256:ad0422b92d5195443a39f80c3bcf731cc2e00f153bd32063a47b73b057bd0f03", size = 123662, upload-time = "2026-08-14T16:12:45.433Z" },
    { url = "https://files.pythonhosted.org/packages/94/ee/c9a4ff3f2dbedbbe9e635d0fa72c8866adede09b6335ef9644f53752f0d8/orjson-3.12.0-cp313-cp313-manylinux2014_armv7l.manylinux_2_17_armv7l.whl", hash = "sha256:5a0fdbc216388f653d3752ff310e710f59253bd4ed6a2bfb3f4f06b84714bbd8", size = 113374, upload-time = "2026-08-14T16:12:46.755Z" },
    { url = "https://files.pythonhosted.org/packages/75/09/3f330a026a796c8b4c97a6f429652a5e912e7065039bf96ed25e42aa7b25/orjson-3.12.0-cp313-cp313-manylinux2014_i686.manylinux_2_17_i686.whl", hash = "sha256:2eb5c56e534127b2b8fa38d2363c8b1b8190367ee0d1d16c041517d880843b94", size = 130029, upload-time = "2026-08-14T16:12:48.06Z" },
    { url = "https://files.pythonhosted.org/packages/7d/40/094cc53126a3d22f76cdf83b6ea67338bed01d774037621a785aa8e6e5ea/orjson-3.12.0-cp313-cp313-manylinux_2_17_aarch64.manylinux2014_aarch64.whl", hash = "sha256:784106539f4b9d4b930e0b4eb8d45168507dae001945e71b4675a367f1e5e806", size = 130528, upload-time = "2026-08-14T16:12:49.362Z" },
    { url = "https://files.pythonhosted.org/packages/bc/74/89bb236deb9565f99434b13052bb40ddfcce4adf3afbfa3132ee7e421468/orjson-3.12.0-cp313-cp313-manylinux_2_17_x86_64.manylinux2014_x86_64.whl", hash = "sha256:1c680706fc8396d95e7c4c1f9482563f552137aef91b57237a3ad5aaf64629df", size = 131075, upload-time = "2026-08-14T16:12:50.692Z" },
    { url = "https://files.pythonhosted.org/packages/0c/ac/1176360d762c01b5bd34acd56fc098e936c491363d8b6b397ad4aa475547/orjson-3.12.0-cp313-cp313-musllinux_1_2_aarch64.whl", hash = "sha256:83445adc40cba26d6d621185a45128ce455b766af368cad2ab64b970603a7978", size = 135321, upload-time = "2026-08-14T16:12:52.114Z" },
    { url = "https://files.pythonhosted.org/packages/7a/02/bbd881c8b9276d50b998de38b4e97de8ace1aac940b0ee545aedbf65ed00/orjson-3.12.0-cp313-cp313-musllinux_1_2_x86_64.whl", hash = "sha256:644d005bc82f917337a95ce270c9f6f92f9834c2bed7b1477572f8db00784222", size = 127472, upload-time = "2026-08-14T16:12:53.517Z" },
    { url = "https://files.pythonhosted.org/packages/8e/02/a0934d7503e6dcbedd6afac3e7f3f8597fd09389949ad94d0f7540e9dbca/orjson-3.12.0-cp313-cp313-win32.whl", hash = "sha256:d8e78d3d93705e3d27cc17cdb209e44d7a8ea203010cac6ce9c7ffc1ae1996f1", size = 128000, upload-time = "2026-08-14T16:12:55.14Z" },
    { url = "https://files.pythonhosted.org/packages/52/87/69f98f8d40faff103a965a5fbb83f08241b01beaf92badb5413fbc9358cc/orjson-3.12.0-cp313-cp313-win_amd64.whl", hash = "sha256:b85931be5b6763c31283805c9bdaae1ca03ad9f6f12a15f1cbf6745b907932c2", size = 121841, upload-time = "2026-08-14T16:12:56.507Z" },
    { url = "https://files.pythonhosted.org/packages/e6/07/b83046a4e3cadcc0987d0f160696107c4af706a619b56e4ad01940cadadf/orjson-3.12.0-cp313-cp313-win_arm64.whl", hash = "sha256:6a31348d7dfa64cd9c78bd1f510ff44c48fe64d71094e6b90e364dba3b55949e", size = 126765, upload-time = "2026-08-14T16:12:57.806Z" },
    { url = "https://files.pythonhosted.org/packages/12/9d/3931253e6f3148abf2cbe14830367042a4806b362ea520df2303db188fb9/orjson-3.12.0-cp314-cp314-macosx_10_15_x86_64.macosx_11_0_arm64.macosx_10_15_universal2.whl", hash = "sha256:9e6fee342a48760e854d743e7a81534d8e2925a6f46e09f750cf56b50fd1de5d", size = 223391, upload-time = "2026-08-14T16:12:59.184Z" },
    { url = "https://files.pythonhosted.org/packages/8a/0e/b4a4f1e305367245877b967a0bad70fcf001d77c54ac4339a120b66fdae4/orjson-3.12.0-cp314-cp314-macosx_15_0_arm64.whl", hash = "sha256:8c3bb86dd10f39b3fbf434b7d5dc7cac77d6fc8ac572ae30a10731ede2c4b647", size = 123659, upload-time = "2026-08-14T16:13:00.548Z" },
    { url = "https://files.pythonhosted.org/packages/96/f3/6782c6fa85e2702bc66be183c3b421486167dcf266ee4dc1403fe3824870/orjson-3.12.0-cp314-cp314-manylinux2014_armv7l.manylinux_2_17_armv7l.whl", hash = "sha256:2bb3ce43203936072dd8b4917b01d3aecfc02329bfb42510cb7cfb24708adc9c", size = 113337, upload-time = "2026-08-14T16:13:02.009Z" },
    { url = "https://files.pythonhosted.org/packages/bf/79/b32ab64bacda9d0fa4942ef483bd03cabf0eaf2be819ca9fb7ff610c559d/orjson-3.12.0-cp314-cp314-manylinux2014_i686.manylinux_2_17_i686.whl", hash = "sha256:6a2a79c89984dc719817d388c8709e0efc2a2795a934eaa746b4882eb6045adc", size = 130112, upload-time = "2026-08-14T16:13:03.404Z" },
    { url = "https://files.pythonhosted.org/packages/ee/49/6e6142999ca01509219be5e5a9c338a3e5ea011f63e91ff473fbbf3734ed/orjson-3.12.0-cp314-cp314-manylinux_2_17_aarch64.manylinux2014_aarch64.whl", hash = "sha256:f06dd838d1e07d9b1de0932ec0485ec92c4d5f5d1ad4817a656268c3e88be1e1", size = 130520, upload-time = "2026-08-14T16:13:04.798Z" },
    { url = "https://files.pythonhosted.org/packages/49/d0/3745af0a4cc9867784f29722929cec4d10bd1c877cd754b01ba6d96eb21a/orjson-3.12.0-cp314-cp314-manylinux_2_17_x86_64.manylinux2014_x86_64.whl", hash = "sha256:c6b11be792c3d2c6a4be2af4ebf97a68d0bf5f580aca6e86a418a354f6cc846a", size = 131053, upload-time = "2026-08-14T16:13:06.14Z" },
    { url = "https://files.pythonhosted.org/packages/c3/f4/6fe5a22fa478fffb190e65c338c84df5c311ef597b363150a17cc57063c0/orjson-3.12.0-cp314-cp314-musllinux_1_2_aarch64.whl", hash = "sha256:477ecaf6b9f88f873341b91fcc736119ca81b5e002a9f7f308ff5b4f2ce2a70e", size = 135321, upload-time = "2026-08-14T16:13:07.544Z" },
    { url = "https://files.pythonhosted.org/packages/ff/41/b1b0ec30289646a81a76e2dbaae2686b96fcccb7cb0323dc1dd78cbc7875/orjson-3.12.0-cp314-cp314-musllinux_1_2_x86_64.whl", hash = "sha256:f3c0683136acdc29afdf88a5bc2f7d3d0e34087788d1d63c0144b805a87a196f", size = 127485, upload-time = "2026-08-14T16:13:08.88Z" },
    { url = "https://files.pythonhosted.org/packages/bf/2b/277404bdcc21c93b112b963655b76443ebfe828f8a3ff1de7d90f8850eb3/orjson-3.12.0-cp314-cp314-win32.whl", hash = "sha256:d39f3f5c3927e2dc0913fe5bbc1a2f6b1b9d1bba1de6358340d0ad0d0c00ca92", size = 128048, upload-time = "2026-08-14T16:13:10.305Z" },
    { url = "https://files.pythonhosted.org/packages/41/2b/395b36fa2b4ce7af70b651d715e88f80d884b2c2b14a6b53e84d554fb5f0/orjson-3.12.0-cp314-cp314-win_amd64.whl", hash = "sha256:0b1ac5bf6609b2716c7954011c5fef6254922df029f45d032ee4ebf5d363cbed", size = 121858, upload-time = "2026-08-14T16:13:11.634Z" },
    { url = "https://files.pythonhosted.org/packages/ea/a3/833e895ff452859eebe75093d26691fe9108f1a7a6a08435d7a5780ea652/orjson-3.12.0-cp314-cp314-win_arm64.whl", hash = "sha256:50fae885cb073eac7556353ff3df93312b0d5137b0a5056b2bb63f97ed9a93c7", size = 126749, upload-time = "2026-08-14T16:13:13.117Z" },
    { url = "https://files.pythonhosted.org/packages/58/64/99c8947ece10c17176af9aae85c4948f1d109da77440ec14d87239efaf73/orjson-3.12.0-cp315-cp315-macosx_10_15_x86_64.macosx_11_0_arm64.macosx_10_15_universal2.whl", hash = "sha256:01efac2074fffb4cb1ea3fab7861e9d0f2a26913854a972f5ac760525dbdaf6e", size = 223398, upload-time = "2026-08-14T16:13:14.694Z" },
    { url = "https://files.pythonhosted.org/packages/3e/30/cf983fe09f2731420fda097a9f7ef4343f47fa216c228961ad8f6da44f3d/orjson-3.12.0-cp315-cp315-macosx_15_0_arm64.whl", hash = "sha256:ed4ca42bd55955aa34deedcfdfd0e0c31abf51143aae158ae2bc3520b626e517", size = 123655, upload-time = "2026-08-14T16:13:16.221Z" },
    { url = "https://files.pythonhosted.org/packages/11/50/9cb8ae73fa4749dbbc20f617004213b5ff01c20aaeec34c3f31124f2c1d8/orjson-3.12.0-cp315-cp315-manylinux_2_39_aarch64.whl", hash = "sha256:40f92192227505acca4e2533ce565f8e6b9535f7d0d09b0968452f18b7376b38", size = 130515, upload-time = "2026-08-14T16:13:17.601Z" },
    { url = "https://files.pythonhosted.org/packages/9f/0a/adb6ce1a5b5fbf9cb1790f9961bb668a0dd5429aadaf6cee044724681795/orjson-3.12.0-cp315-cp315-manylinux_2_39_armv7l.whl", hash = "sha256:33efefcf5d88eaf400b47e2eba02f91f319bb9951be61ca500b7d536d3f2079d", size = 113327, upload-time = "2026-08-14T16:13:18.927Z" },
    { url = "https://files.pythonhosted.org/packages/51/5c/d17f61581d8dbdde7048f87a330fa24915edec38db4d72b381fec14fbb56/orjson-3.12.0-cp315-cp315-manylinux_2_39_i686.whl", hash = "sha256:8e386b0bc0ddd7cd2056f884b5a0af33592bd01ac66a7ca4b42a65a7e7774a13", size = 130105, upload-time = "2026-08-14T16:13:20.317Z" },
    { url = "https://files.pythonhosted.org/packages/9f/b7/938befcf33bee4704a92ecec6a2731224c539d939bf9429fd39396d28931/orjson-3.12.0-cp315-cp315-manylinux_2_39_x86_64.whl", hash = "sha256:58c58e1de0006ffb580368d6793c36c7b0b021db066479cf281bf5061e732328", size = 131049, upload-time = "2026-08-14T16:13:21.719Z" },
    { url = "https://files.pythonhosted.org/packages/b0/15/cfa2021d64d5aa8bb5c9f604ef375e00ec8b657651b5dd650b1b7ad13df1/orjson-3.12.0-cp315-cp315-musllinux_1_2_aarch64.whl", hash = "sha256:08231552159be266a7269555bd9f7c016aee7d9ad6dab06eb58796c5ccb7101c", size = 135320, upload-time = "2026-08-14T16:13:23.415Z" },
    { url = "https://files.pythonhosted.org/packages/1a/50/3e75dfe357c1e8f9e287c7a5740260ef15bd23a5299eae8d0835dcad5375/orjson-3.12.0-cp315-cp315-musllinux_1_2_x86_64.whl", hash = "sha256:a15f9a891bce5f5cc5d210e3ad8614d4d1b489a56448c099d6d2a7168b2d954a", size = 127488, upload-time = "2026-08-14T16:13:24.791Z" },
    { url = "https://files.pythonhosted.org/packages/11/a6/79aed402eb3ab284dc5b4791a7ad62c5875127de01b8e3f04bd92d551298/orjson-3.12.0-cp315-cp315-win32.whl", hash = "sha256:03091c8a64db4be38746597ceea68f33c238e27acd9bfe99fb59420224ae7a55", size = 128048, upload-time = "2026-08-14T16:13:26.217Z" },
    { url = "https://files.pythonhosted.org/packages/64/f7/2723e264aab7248c1ed6ecaad8e5d0cb866c0cffde75442102ffa7491aba/orjson-3.12.0-cp315-cp315-win_amd64.whl", hash = "sha256:2b7bcefb9f40fa242fa6b06377232c048e655747790829609168c01162f60578", size = 121860, upload-time = "2026-08-14T16:13:27.577Z" },
    { url = "https://files.pythonhosted.org/packages/82/56/630c9113ec8996778f1f0304b364b091b9a9db5fef5fdc17cca622f5ea24/orjson-3.12.0-cp315-cp315-win_arm64.whl", hash = "sha256:859fc4196855890150bb08e649b30d2c93b249b3e3edd0d3bb2231abf8aa8adc", size = 126754, upload-time = "2026-08-14T16:13:28.962Z" },
]

[[package]]
name = "packaging"
version = "26.2"
source = { registry = "https://pypi.org/simple" }
sdist = { url = "https://files.pythonhosted.org/packages/d7/f1/e7a6dd94a8d4a5626c03e4e99c87f241ba9e350cd9e6d75123f992427270/packaging-26.2.tar.gz", hash = "sha256:ff452ff5a3e828ce110190feff1178bb1f2ea2281fa2075aadb987c2fb221661", size = 228134, upload-time = "2026-04-24T20:15:23.917Z" }
wheels = [
    { url = "https://files.pythonhosted.org/packages/df/b2/87e62e8c3e2f4b32e5fe99e0b86d576da1312593b39f47d8ceef365e95ed/packaging-26.2-py3-none-any.whl", hash = "sha256:5fc45236b9446107ff2415ce77c807cee2862cb6fac22b8a73826d0693b0980e", size = 100195, upload-time = "2026-04-24T20:15:22.081Z" },
]

[[package]]
name = "pluggy"
version = "1.6.0"
source = { registry = "https://pypi.org/simple" }
sdist = { url = "https://files.pythonhosted.org/packages/f9/e2/3e91f31a7d2b083fe6ef3fa267035b518369d9511ffab804f839851d2779/pluggy-1.6.0.tar.gz", hash = "sha256:7dcc130b76258d33b90f61b658791dede3486c3e6bfb003ee5c9bfb396dd22f3", size = 69412, upload-time = "2025-05-15T12:30:07.975Z" }
wheels = [
    { url = "https://files.pythonhosted.org/packages/54/20/4d324d65cc6d9205fabedc306948156824eb9f0ee1633355a8f7ec5c66bf/pluggy-1.6.0-py3-none-any.whl", hash = "sha256:e920276dd6813095e9377c0bc5566d94c932c33b27a3e3945d8389c374dd4746", size = 20538, upload-time = "2025-05-15T12:30:06.134Z" },
]

[[package]]
name = "pygments"
version = "2.20.0"
source = { registry = "https://pypi.org/simple" }
sdist = { url = "https://files.pythonhosted.org/packages/c3/b2/bc9c9196916376152d655522fdcebac55e66de6603a76a02bca1b6414f6c/pygments-2.20.0.tar.gz", hash = "sha256:6757cd03768053ff99f3039c1a36d6c0aa0b263438fcab17520b30a303a82b5f", size = 4955991, upload-time = "2026-03-29T13:29:33.898Z" }
wheels = [
    { url = "https://files.pythonhosted.org/packages/f4/7e/a72dd26f3b0f4f2bf1dd8923c85f7ceb43172af56d63c7383eb62b332364/pygments-2.20.0-py3-none-any.whl", hash = "sha256:81a9e26dd42fd28a23a2d169d86d7ac03b46e2f8b59ed4698fb4785f946d0176", size = 1231151, upload-time = "2026-03-29T13:29:30.038Z" },
]

[[package]]
name = "pytest"
version = "9.1.1"
source = { registry = "https://pypi.org/simple" }
dependencies = [
    { name = "colorama", marker = "sys_platform == 'win32'" },
    { name = "iniconfig" },
    { name = "packaging" },
    { name = "pluggy" },
    { name = "pygments" },
]
sdist = { url = "https://files.pythonhosted.org/packages/e4/47/b9efed96c114afcfa3c9d3fe98a76a1d14c74a9e266d397cf6eb64be5e01/pytest-9.1.1.tar.gz", hash = "sha256:1088fbde8f2b49d95a549a195707afa7a76a3ce9bcadc26b6d71f0ffda5fe313", size = 1636369, upload-time = "2026-06-19T10:58:32.857Z" }
wheels = [
    { url = "https://files.pythonhosted.org/packages/24/25/1de2678b631f5a49215c6c96fff41ba892b0a34df68d6d80292b1b48aa7f/pytest-9.1.1-py3-none-any.whl", hash = "sha256:37a86b45efb9a47a61a36449063e8e18d0cab3161329fc099eb21783169c4f0c", size = 386536, upload-time = "2026-06-19T10:58:31.347Z" },
]

[[package]]
name = "ruff"
version = "0.16.3"
source = { registry = "https://pypi.org/simple" }
sdist = { url = "https://files.pythonhosted.org/packages/61/b3/3213589383f8f1b3938781bd1278713f6d18621a14992b3e81fefb8a5ef9/ruff-0.16.3.tar.gz", hash = "sha256:e76d33a347661a84b5be6d043d0347fdc745dfdcf825a8f4fed64b5e26eebdf2", size = 4891904, upload-time = "2026-08-13T15:17:13.381Z" }
wheels = [
    { url = "https://files.pythonhosted.org/packages/bf/96/493770daebd68c0a67f1549fdf519f53be51fc435186c0585bcc272fd76c/ruff-0.16.3-py3-none-linux_armv6l.whl", hash = "sha256:0c5710e247a58a4521e66e124ba9a74655b414f61ba3a2e9e3811e11098f48f7", size = 10902799, upload-time = "2026-08-13T15:16:27.382Z" },
    { url = "https://files.pythonhosted.org/packages/5e/e6/2becf3942fddc29a29b8df47691d456fb1085391a694f74d84513251418c/ruff-0.16.3-py3-none-macosx_10_12_x86_64.whl", hash = "sha256:fe155130631a2471fd2e14a7a664a4dfbd7194b8229c3d7b2a40b21178639081", size = 11135539, upload-time = "2026-08-13T15:16:30.87Z" },
    { url = "https://files.pythonhosted.org/packages/3e/1e/4b8b72f0d006dbf19326aa99f9ca0ee2ff374187c4d301cf529a51aa06fe/ruff-0.16.3-py3-none-macosx_11_0_arm64.whl", hash = "sha256:e2ed719e14aa64d895c2ee922594a90a43c861a93f0575a95ff8c47cdbd13eb9", size = 10475095, upload-time = "2026-08-13T15:16:33.259Z" },
    { url = "https://files.pythonhosted.org/packages/92/32/2201fa49ba1f6c101ee321e83f051ac7a4b8d07b0ef6b4d3f2772b302275/ruff-0.16.3-py3-none-manylinux_2_17_aarch64.manylinux2014_aarch64.whl", hash = "sha256:9e0b1da805eb043654645d74d5de1e5ce2edc686e40790d2b86f56d71cc06a84", size = 10668771, upload-time = "2026-08-13T15:16:35.65Z" },
    { url = "https://files.pythonhosted.org/packages/c3/66/4afc5c8363bd04d45effce1b7c8713ca037d7a6740b7451a2403a6e3a972/ruff-0.16.3-py3-none-manylinux_2_17_armv7l.manylinux2014_armv7l.whl", hash = "sha256:a37bdea0bbe21780f590bf437d6412c8c4e1b6cd010f91a65c2c40c5e5f5f870", size = 10699568, upload-time = "2026-08-13T15:16:38.195Z" },
    { url = "https://files.pythonhosted.org/packages/53/fd/c67d246bf36bf1698551c56de39e95cd07f70e64433e0098e6267d77061b/ruff-0.16.3-py3-none-manylinux_2_17_i686.manylinux2014_i686.whl", hash = "sha256:09571e6d1288ed9be475207a3ac04ada404f1cd898104be0f6ab8d7df438575b", size = 11499365, upload-time = "2026-08-13T15:16:40.623Z" },
    { url = "https://files.pythonhosted.org/packages/67/0b/00ecbceb99a263af7b12f6f05ac3c92bc47b905e91adc3f207a836e3bc01/ruff-0.16.3-py3-none-manylinux_2_17_ppc64le.manylinux2014_ppc64le.whl", hash = "sha256:2c18c5a101eb540010638cc1ff3c84944d3adb3df62b8d98ca8f22ba484d3413", size = 12311728, upload-time = "2026-08-13T15:16:43.564Z" },
    { url = "https://files.pythonhosted.org/packages/54/b2/b7b3bb54f4d3f7db504e476ad4ab8de530dceebe2c061384b2757ee419e8/ruff-0.16.3-py3-none-manylinux_2_17_s390x.manylinux2014_s390x.whl", hash = "sha256:8457c44f15033c85ddbb77b15d451df9e24e4bd03b628396dd3610cedc3b8f82", size = 11699896, upload-time = "2026-08-13T15:16:46.209Z" },
    { url = "https://files.pythonhosted.org/packages/c7/30/4c468429ac195addc5ee1b717b6ab1b66632786737ca3b2ed3443fb0c26a/ruff-0.16.3-py3-none-manylinux_2_17_x86_64.manylinux2014_x86_64.whl", hash = "sha256:294b95c4ae0cda9388525c2047778aa758d6b8d4bb876fd4e9eaa3ebc92343eb", size = 11058736, upload-time = "2026-08-13T15:16:48.823Z" },
    { url = "https://files.pythonhosted.org/packages/43/67/7a113cdaddf24b64d7f75b1242a99d04c82fcef4f6921fdbb832beaffb5f/ruff-0.16.3-py3-none-manylinux_2_31_riscv64.whl", hash = "sha256:3d0c7c40c87c2a820509c31ba007968da6e1306468c067b2d82fbfdbcd0e8474", size = 11586911, upload-time = "2026-08-13T15:16:51.913Z" },
    { url = "https://files.pythonhosted.org/packages/f1/c1/2e66f24c0f3ead25a5e660111778685e505e5da353c82802bf49f0cbe7b9/ruff-0.16.3-py3-none-musllinux_1_2_aarch64.whl", hash = "sha256:9f738c0fdfa8eed0b2ce7fb27ee7258208a92a68d7949e62aa15164bc7b389da", size = 10954265, upload-time = "2026-08-13T15:16:54.763Z" },
    { url = "https://files.pythonhosted.org/packages/c2/ba/4cee23bf52cba9a058d3726de623624daf50ef9638868edd86f4126157f6/ruff-0.16.3-py3-none-musllinux_1_2_armv7l.whl", hash = "sha256:fb785f0be25abe69d320415cd4f833b59e17ba7613d9ba6a958023b6bceb0a50", size = 10709886, upload-time = "2026-08-13T15:16:57.339Z" },
    { url = "https://files.pythonhosted.org/packages/82/df/7da7194fa5d9dc0a285f7e6fa5a4722e7c63faac0b45b614ded9314363a1/ruff-0.16.3-py3-none-musllinux_1_2_i686.whl", hash = "sha256:c5536e3acfbf9563085aa2be7b13c629c3077e902afc5b941ac44024dbb9f506", size = 11210392, upload-time = "2026-08-13T15:17:00.171Z" },
    { url = "https://files.pythonhosted.org/packages/35/85/7795f6e817af050e7517bf3e7aa9b061cce70ef33d280aad902c956c1ecf/ruff-0.16.3-py3-none-musllinux_1_2_x86_64.whl", hash = "sha256:a2d85c02f9b8e165d85e6779184d38c4132de12603dab59c51c28e22584f9e4d", size = 11626910, upload-time = "2026-08-13T15:17:03.299Z" },
    { url = "https://files.pythonhosted.org/packages/78/9b/475b927cf27a5cbbda3c7bafb69ed6ff77e1d7923d5d85f17c2749d7ae32/ruff-0.16.3-py3-none-win32.whl", hash = "sha256:388cdf2166642bd9b13d52b5932d3170f34f8abed7e8d9a855f1d84b83645a0a", size = 10931415, upload-time = "2026-08-13T15:17:05.726Z" },
    { url = "https://files.pythonhosted.org/packages/b2/99/e2a2bfc4fbf0a1e8a916bc9ebe6fe6c58cc34c28e0ffc6ce281d572d1c2e/ruff-0.16.3-py3-none-win_amd64.whl", hash = "sha256:e80a7d69ca2a6d1c4d352ec91458cdca6e56c83cdbcabd93e4abe1e53591d948", size = 11445993, upload-time = "2026-08-13T15:17:08.353Z" },
    { url = "https://files.pythonhosted.org/packages/69/3e/4132e539aed78c148854d4997a2685b0ed4dc4e87110b59ce528564e184e/ruff-0.16.3-py3-none-win_arm64.whl", hash = "sha256:b8ca152da82c1acc1fa8d5874b15951935f0eef46f10e6954c83859011b6178a", size = 11399302, upload-time = "2026-08-13T15:17:10.908Z" },
]
